
Microsoft Visual Studio Solution File, Format Version 12.00
# Visual Studio Version 17
VisualStudioVersion = 17.6.33829.357
MinimumVisualStudioVersion = 10.0.40219.1
Project("{FAE04EC0-301F-11D3-BF4B-00C04F79EFBC}") = "AppMvc", "AppMvc\AppMvc.csproj", "{FD1DB1AB-BCB7-49A4-9C13-CBCFF3C9FD6E}"
EndProject
Global
	GlobalSection(SolutionConfigurationPlatforms) = preSolution
		Debug|Any CPU = Debug|Any CPU
		Release|Any CPU = Release|Any CPU
	EndGlobalSection
	GlobalSection(ProjectConfigurationPlatforms) = postSolution
		{FD1DB1AB-BCB7-49A4-9C13-CBCFF3C9FD6E}.Debug|Any CPU.ActiveCfg = Debug|Any CPU
		{FD1DB1AB-BCB7-49A4-9C13-CBCFF3C9FD6E}.Debug|Any CPU.Build.0 = Debug|Any CPU
		{FD1DB1AB-BCB7-49A4-9C13-CBCFF3C9FD6E}.Release|Any CPU.ActiveCfg = Release|Any CPU
		{FD1DB1AB-BCB7-49A4-9C13-CBCFF3C9FD6E}.Release|Any CPU.Build.0 = Release|Any CPU
	EndGlobalSection
	GlobalSection(SolutionProperties) = preSolution
		HideSolutionNode = FALSE
	EndGlobalSection
	GlobalSection(ExtensibilityGlobals) = postSolution
		SolutionGuid = {9722ABCD-F7CD-4187-90F4-DF200653DA0A}
	EndGlobalSection
EndGlobal
