
Microsoft Visual Studio Solution File, Format Version 12.00
# Visual Studio Version 17
VisualStudioVersion = 17.6.33829.357
MinimumVisualStudioVersion = 10.0.40219.1
Project("{FAE04EC0-301F-11D3-BF4B-00C04F79EFBC}") = "Henrique.AppModelo", "src\Henrique.AppModelo\Henrique.AppModelo.csproj", "{00A7451E-F6CA-437F-9497-DE4CBAD6B99C}"
EndProject
Global
	GlobalSection(SolutionConfigurationPlatforms) = preSolution
		Debug|Any CPU = Debug|Any CPU
		Release|Any CPU = Release|Any CPU
	EndGlobalSection
	GlobalSection(ProjectConfigurationPlatforms) = postSolution
		{00A7451E-F6CA-437F-9497-DE4CBAD6B99C}.Debug|Any CPU.ActiveCfg = Debug|Any CPU
		{00A7451E-F6CA-437F-9497-DE4CBAD6B99C}.Debug|Any CPU.Build.0 = Debug|Any CPU
		{00A7451E-F6CA-437F-9497-DE4CBAD6B99C}.Release|Any CPU.ActiveCfg = Release|Any CPU
		{00A7451E-F6CA-437F-9497-DE4CBAD6B99C}.Release|Any CPU.Build.0 = Release|Any CPU
	EndGlobalSection
	GlobalSection(SolutionProperties) = preSolution
		HideSolutionNode = FALSE
	EndGlobalSection
	GlobalSection(ExtensibilityGlobals) = postSolution
		SolutionGuid = {A62E4F30-3E86-4A46-9E3E-AD1A2847434A}
	EndGlobalSection
EndGlobal
